
Microsoft Visual Studio Solution File, Format Version 12.00
# Visual Studio 15
VisualStudioVersion = 15.0.26621.2
MinimumVisualStudioVersion = 10.0.40219.1
Project("{9A19103F-16F7-4668-BE54-9A1E7A4F7556}") = "ArchiSteamFarm", "ArchiSteamFarm\ArchiSteamFarm.csproj", "{CF84911C-2C4C-4195-8AF3-ABBB6D3DE9AA}"
EndProject
Project("{FAE04EC0-301F-11D3-BF4B-00C04F79EFBC}") = "ArchiSteamFarm.Tests", "ArchiSteamFarm.Tests\ArchiSteamFarm.Tests.csproj", "{91DC4C4F-3C23-4716-8CB2-BC7EAB65D759}"
EndProject
Global
	GlobalSection(SolutionConfigurationPlatforms) = preSolution
		Debug|Any CPU = Debug|Any CPU
		Release|Any CPU = Release|Any CPU
	EndGlobalSection
	GlobalSection(ProjectConfigurationPlatforms) = postSolution
		{CF84911C-2C4C-4195-8AF3-ABBB6D3DE9AA}.Debug|Any CPU.ActiveCfg = Debug|Any CPU
		{CF84911C-2C4C-4195-8AF3-ABBB6D3DE9AA}.Debug|Any CPU.Build.0 = Debug|Any CPU
		{CF84911C-2C4C-4195-8AF3-ABBB6D3DE9AA}.Release|Any CPU.ActiveCfg = Release|Any CPU
		{CF84911C-2C4C-4195-8AF3-ABBB6D3DE9AA}.Release|Any CPU.Build.0 = Release|Any CPU
		{91DC4C4F-3C23-4716-8CB2-BC7EAB65D759}.Debug|Any CPU.ActiveCfg = Debug|Any CPU
		{91DC4C4F-3C23-4716-8CB2-BC7EAB65D759}.Debug|Any CPU.Build.0 = Debug|Any CPU
		{91DC4C4F-3C23-4716-8CB2-BC7EAB65D759}.Release|Any CPU.ActiveCfg = Release|Any CPU
		{91DC4C4F-3C23-4716-8CB2-BC7EAB65D759}.Release|Any CPU.Build.0 = Release|Any CPU
	EndGlobalSection
	GlobalSection(SolutionProperties) = preSolution
		HideSolutionNode = FALSE
	EndGlobalSection
	GlobalSection(ExtensibilityGlobals) = postSolution
		RESX_ShowErrorsInErrorList = False
		SolutionGuid = {D7D54143-C857-4B76-A219-0E98C5BC4895}
	EndGlobalSection
EndGlobal
