
Microsoft Visual Studio Solution File, Format Version 12.00
# Visual Studio 14
VisualStudioVersion = 14.0.25420.1
MinimumVisualStudioVersion = 10.0.40219.1
Project("{FAE04EC0-301F-11D3-BF4B-00C04F79EFBC}") = "ArchiSteamFarm", "ArchiSteamFarm\ArchiSteamFarm.csproj", "{35AF7887-08B9-40E8-A5EA-797D8B60B30C}"
EndProject
Project("{FAE04EC0-301F-11D3-BF4B-00C04F79EFBC}") = "ConfigGenerator", "ConfigGenerator\ConfigGenerator.csproj", "{C3F6FE68-5E75-415E-BEA1-1E7C16D6A433}"
	ProjectSection(ProjectDependencies) = postProject
		{35AF7887-08B9-40E8-A5EA-797D8B60B30C} = {35AF7887-08B9-40E8-A5EA-797D8B60B30C}
	EndProjectSection
EndProject
Project("{FAE04EC0-301F-11D3-BF4B-00C04F79EFBC}") = "GUI", "GUI\GUI.csproj", "{13949B41-787C-4558-90AE-A9F9E7F86B1F}"
	ProjectSection(ProjectDependencies) = postProject
		{35AF7887-08B9-40E8-A5EA-797D8B60B30C} = {35AF7887-08B9-40E8-A5EA-797D8B60B30C}
	EndProjectSection
EndProject
Global
	GlobalSection(SolutionConfigurationPlatforms) = preSolution
		Debug|Any CPU = Debug|Any CPU
		Release|Any CPU = Release|Any CPU
	EndGlobalSection
	GlobalSection(ProjectConfigurationPlatforms) = postSolution
		{35AF7887-08B9-40E8-A5EA-797D8B60B30C}.Debug|Any CPU.ActiveCfg = Debug|Any CPU
		{35AF7887-08B9-40E8-A5EA-797D8B60B30C}.Debug|Any CPU.Build.0 = Debug|Any CPU
		{35AF7887-08B9-40E8-A5EA-797D8B60B30C}.Release|Any CPU.ActiveCfg = Release|Any CPU
		{35AF7887-08B9-40E8-A5EA-797D8B60B30C}.Release|Any CPU.Build.0 = Release|Any CPU
		{C3F6FE68-5E75-415E-BEA1-1E7C16D6A433}.Debug|Any CPU.ActiveCfg = Debug|Any CPU
		{C3F6FE68-5E75-415E-BEA1-1E7C16D6A433}.Debug|Any CPU.Build.0 = Debug|Any CPU
		{C3F6FE68-5E75-415E-BEA1-1E7C16D6A433}.Release|Any CPU.ActiveCfg = Release|Any CPU
		{C3F6FE68-5E75-415E-BEA1-1E7C16D6A433}.Release|Any CPU.Build.0 = Release|Any CPU
		{13949B41-787C-4558-90AE-A9F9E7F86B1F}.Debug|Any CPU.ActiveCfg = Debug|Any CPU
		{13949B41-787C-4558-90AE-A9F9E7F86B1F}.Debug|Any CPU.Build.0 = Debug|Any CPU
		{13949B41-787C-4558-90AE-A9F9E7F86B1F}.Release|Any CPU.ActiveCfg = Release|Any CPU
		{13949B41-787C-4558-90AE-A9F9E7F86B1F}.Release|Any CPU.Build.0 = Release|Any CPU
	EndGlobalSection
	GlobalSection(SolutionProperties) = preSolution
		HideSolutionNode = FALSE
	EndGlobalSection
EndGlobal
