
Microsoft Visual Studio Solution File, Format Version 12.00
# Visual Studio Version 16
VisualStudioVersion = 16.6.30114.105
MinimumVisualStudioVersion = 10.0.40219.1
Project("{FAE04EC0-301F-11D3-BF4B-00C04F79EFBC}") = "ArchiSteamFarm", "ArchiSteamFarm\ArchiSteamFarm.csproj", "{1501FF07-0114-473F-BDF2-7F8BA34C2948}"
EndProject
Project("{FAE04EC0-301F-11D3-BF4B-00C04F79EFBC}") = "ArchiSteamFarm.Tests", "ArchiSteamFarm.Tests\ArchiSteamFarm.Tests.csproj", "{D552661C-1356-4B82-A019-B83DC260ECF4}"
EndProject
Project("{FAE04EC0-301F-11D3-BF4B-00C04F79EFBC}") = "ArchiSteamFarm.CustomPlugins.ExamplePlugin", "ArchiSteamFarm.CustomPlugins.ExamplePlugin\ArchiSteamFarm.CustomPlugins.ExamplePlugin.csproj", "{6AE042DA-1152-4F3F-A197-65FD7509E8C6}"
EndProject
Project("{FAE04EC0-301F-11D3-BF4B-00C04F79EFBC}") = "ArchiSteamFarm.CustomPlugins.PeriodicGC", "ArchiSteamFarm.CustomPlugins.PeriodicGC\ArchiSteamFarm.CustomPlugins.PeriodicGC.csproj", "{0B8906EC-DF72-4CB8-9ECE-34961C056680}"
EndProject
Project("{FAE04EC0-301F-11D3-BF4B-00C04F79EFBC}") = "ArchiSteamFarm.OfficialPlugins.SteamTokenDumper", "ArchiSteamFarm.OfficialPlugins.SteamTokenDumper\ArchiSteamFarm.OfficialPlugins.SteamTokenDumper.csproj", "{324E42B1-3C5D-421D-A600-1BEEE7AF401A}"
EndProject
Project("{FAE04EC0-301F-11D3-BF4B-00C04F79EFBC}") = "ArchiSteamFarm.OfficialPlugins.ItemsMatcher", "ArchiSteamFarm.OfficialPlugins.ItemsMatcher\ArchiSteamFarm.OfficialPlugins.ItemsMatcher.csproj", "{A8BA3425-2EE4-4333-9905-8867EDFE327F}"
EndProject
Project("{FAE04EC0-301F-11D3-BF4B-00C04F79EFBC}") = "ArchiSteamFarm.CustomPlugins.SignInWithSteam", "ArchiSteamFarm.CustomPlugins.SignInWithSteam\ArchiSteamFarm.CustomPlugins.SignInWithSteam.csproj", "{27E35B1D-AA85-4D54-978B-520BF88DA0B7}"
EndProject
Project("{FAE04EC0-301F-11D3-BF4B-00C04F79EFBC}") = "ArchiSteamFarm.OfficialPlugins.MobileAuthenticator", "ArchiSteamFarm.OfficialPlugins.MobileAuthenticator\ArchiSteamFarm.OfficialPlugins.MobileAuthenticator.csproj", "{8D85BCCA-4DE6-4CC0-B015-E2E89E8E8AA3}"
EndProject
Project("{FAE04EC0-301F-11D3-BF4B-00C04F79EFBC}") = "ArchiSteamFarm.OfficialPlugins.Monitoring", "ArchiSteamFarm.OfficialPlugins.Monitoring\ArchiSteamFarm.OfficialPlugins.Monitoring.csproj", "{0213FBF7-C06E-4E76-9F10-D58D5CB99339}"
EndProject
Global
	GlobalSection(SolutionConfigurationPlatforms) = preSolution
		Debug|Any CPU = Debug|Any CPU
		DebugFast|Any CPU = DebugFast|Any CPU
		Release|Any CPU = Release|Any CPU
	EndGlobalSection
	GlobalSection(SolutionProperties) = preSolution
		HideSolutionNode = FALSE
	EndGlobalSection
	GlobalSection(ProjectConfigurationPlatforms) = postSolution
		{1501FF07-0114-473F-BDF2-7F8BA34C2948}.Debug|Any CPU.ActiveCfg = Debug|Any CPU
		{1501FF07-0114-473F-BDF2-7F8BA34C2948}.Debug|Any CPU.Build.0 = Debug|Any CPU
		{1501FF07-0114-473F-BDF2-7F8BA34C2948}.DebugFast|Any CPU.ActiveCfg = DebugFast|Any CPU
		{1501FF07-0114-473F-BDF2-7F8BA34C2948}.DebugFast|Any CPU.Build.0 = DebugFast|Any CPU
		{1501FF07-0114-473F-BDF2-7F8BA34C2948}.Release|Any CPU.ActiveCfg = Release|Any CPU
		{1501FF07-0114-473F-BDF2-7F8BA34C2948}.Release|Any CPU.Build.0 = Release|Any CPU
		{D552661C-1356-4B82-A019-B83DC260ECF4}.Debug|Any CPU.ActiveCfg = Debug|Any CPU
		{D552661C-1356-4B82-A019-B83DC260ECF4}.Debug|Any CPU.Build.0 = Debug|Any CPU
		{D552661C-1356-4B82-A019-B83DC260ECF4}.DebugFast|Any CPU.ActiveCfg = DebugFast|Any CPU
		{D552661C-1356-4B82-A019-B83DC260ECF4}.DebugFast|Any CPU.Build.0 = DebugFast|Any CPU
		{D552661C-1356-4B82-A019-B83DC260ECF4}.Release|Any CPU.ActiveCfg = Release|Any CPU
		{D552661C-1356-4B82-A019-B83DC260ECF4}.Release|Any CPU.Build.0 = Release|Any CPU
		{6AE042DA-1152-4F3F-A197-65FD7509E8C6}.Debug|Any CPU.ActiveCfg = Debug|Any CPU
		{6AE042DA-1152-4F3F-A197-65FD7509E8C6}.Debug|Any CPU.Build.0 = Debug|Any CPU
		{6AE042DA-1152-4F3F-A197-65FD7509E8C6}.DebugFast|Any CPU.ActiveCfg = DebugFast|Any CPU
		{6AE042DA-1152-4F3F-A197-65FD7509E8C6}.DebugFast|Any CPU.Build.0 = DebugFast|Any CPU
		{6AE042DA-1152-4F3F-A197-65FD7509E8C6}.Release|Any CPU.ActiveCfg = Release|Any CPU
		{6AE042DA-1152-4F3F-A197-65FD7509E8C6}.Release|Any CPU.Build.0 = Release|Any CPU
		{0B8906EC-DF72-4CB8-9ECE-34961C056680}.Debug|Any CPU.ActiveCfg = Debug|Any CPU
		{0B8906EC-DF72-4CB8-9ECE-34961C056680}.Debug|Any CPU.Build.0 = Debug|Any CPU
		{0B8906EC-DF72-4CB8-9ECE-34961C056680}.DebugFast|Any CPU.ActiveCfg = DebugFast|Any CPU
		{0B8906EC-DF72-4CB8-9ECE-34961C056680}.DebugFast|Any CPU.Build.0 = DebugFast|Any CPU
		{0B8906EC-DF72-4CB8-9ECE-34961C056680}.Release|Any CPU.ActiveCfg = Release|Any CPU
		{0B8906EC-DF72-4CB8-9ECE-34961C056680}.Release|Any CPU.Build.0 = Release|Any CPU
		{324E42B1-3C5D-421D-A600-1BEEE7AF401A}.Debug|Any CPU.ActiveCfg = Debug|Any CPU
		{324E42B1-3C5D-421D-A600-1BEEE7AF401A}.Debug|Any CPU.Build.0 = Debug|Any CPU
		{324E42B1-3C5D-421D-A600-1BEEE7AF401A}.DebugFast|Any CPU.ActiveCfg = DebugFast|Any CPU
		{324E42B1-3C5D-421D-A600-1BEEE7AF401A}.DebugFast|Any CPU.Build.0 = DebugFast|Any CPU
		{324E42B1-3C5D-421D-A600-1BEEE7AF401A}.Release|Any CPU.ActiveCfg = Release|Any CPU
		{324E42B1-3C5D-421D-A600-1BEEE7AF401A}.Release|Any CPU.Build.0 = Release|Any CPU
		{A8BA3425-2EE4-4333-9905-8867EDFE327F}.Debug|Any CPU.ActiveCfg = Debug|Any CPU
		{A8BA3425-2EE4-4333-9905-8867EDFE327F}.Debug|Any CPU.Build.0 = Debug|Any CPU
		{A8BA3425-2EE4-4333-9905-8867EDFE327F}.DebugFast|Any CPU.ActiveCfg = Debug|Any CPU
		{A8BA3425-2EE4-4333-9905-8867EDFE327F}.DebugFast|Any CPU.Build.0 = Debug|Any CPU
		{A8BA3425-2EE4-4333-9905-8867EDFE327F}.Release|Any CPU.ActiveCfg = Release|Any CPU
		{A8BA3425-2EE4-4333-9905-8867EDFE327F}.Release|Any CPU.Build.0 = Release|Any CPU
		{27E35B1D-AA85-4D54-978B-520BF88DA0B7}.Debug|Any CPU.ActiveCfg = Debug|Any CPU
		{27E35B1D-AA85-4D54-978B-520BF88DA0B7}.Debug|Any CPU.Build.0 = Debug|Any CPU
		{27E35B1D-AA85-4D54-978B-520BF88DA0B7}.DebugFast|Any CPU.ActiveCfg = Debug|Any CPU
		{27E35B1D-AA85-4D54-978B-520BF88DA0B7}.DebugFast|Any CPU.Build.0 = Debug|Any CPU
		{27E35B1D-AA85-4D54-978B-520BF88DA0B7}.Release|Any CPU.ActiveCfg = Release|Any CPU
		{27E35B1D-AA85-4D54-978B-520BF88DA0B7}.Release|Any CPU.Build.0 = Release|Any CPU
		{8D85BCCA-4DE6-4CC0-B015-E2E89E8E8AA3}.Debug|Any CPU.ActiveCfg = Debug|Any CPU
		{8D85BCCA-4DE6-4CC0-B015-E2E89E8E8AA3}.Debug|Any CPU.Build.0 = Debug|Any CPU
		{8D85BCCA-4DE6-4CC0-B015-E2E89E8E8AA3}.DebugFast|Any CPU.ActiveCfg = Debug|Any CPU
		{8D85BCCA-4DE6-4CC0-B015-E2E89E8E8AA3}.DebugFast|Any CPU.Build.0 = Debug|Any CPU
		{8D85BCCA-4DE6-4CC0-B015-E2E89E8E8AA3}.Release|Any CPU.ActiveCfg = Release|Any CPU
		{8D85BCCA-4DE6-4CC0-B015-E2E89E8E8AA3}.Release|Any CPU.Build.0 = Release|Any CPU
		{0213FBF7-C06E-4E76-9F10-D58D5CB99339}.Debug|Any CPU.ActiveCfg = Debug|Any CPU
		{0213FBF7-C06E-4E76-9F10-D58D5CB99339}.Debug|Any CPU.Build.0 = Debug|Any CPU
		{0213FBF7-C06E-4E76-9F10-D58D5CB99339}.DebugFast|Any CPU.ActiveCfg = Debug|Any CPU
		{0213FBF7-C06E-4E76-9F10-D58D5CB99339}.DebugFast|Any CPU.Build.0 = Debug|Any CPU
		{0213FBF7-C06E-4E76-9F10-D58D5CB99339}.Release|Any CPU.ActiveCfg = Release|Any CPU
		{0213FBF7-C06E-4E76-9F10-D58D5CB99339}.Release|Any CPU.Build.0 = Release|Any CPU
	EndGlobalSection
EndGlobal
